
Microsoft Visual Studio Solution File, Format Version 12.00
# Visual Studio 15
VisualStudioVersion = 15.0.27703.2035
MinimumVisualStudioVersion = 10.0.40219.1
Project("{FAE04EC0-301F-11D3-BF4B-00C04F79EFBC}") = "DesafioEnextAPI", "DesafioEnextAPI\DesafioEnextAPI.csproj", "{BA5888EA-0051-47BF-8376-F87FFD19FE72}"
EndProject
Global
	GlobalSection(SolutionConfigurationPlatforms) = preSolution
		Debug|Any CPU = Debug|Any CPU
		Release|Any CPU = Release|Any CPU
	EndGlobalSection
	GlobalSection(ProjectConfigurationPlatforms) = postSolution
		{BA5888EA-0051-47BF-8376-F87FFD19FE72}.Debug|Any CPU.ActiveCfg = Debug|Any CPU
		{BA5888EA-0051-47BF-8376-F87FFD19FE72}.Debug|Any CPU.Build.0 = Debug|Any CPU
		{BA5888EA-0051-47BF-8376-F87FFD19FE72}.Release|Any CPU.ActiveCfg = Release|Any CPU
		{BA5888EA-0051-47BF-8376-F87FFD19FE72}.Release|Any CPU.Build.0 = Release|Any CPU
	EndGlobalSection
	GlobalSection(SolutionProperties) = preSolution
		HideSolutionNode = FALSE
	EndGlobalSection
	GlobalSection(ExtensibilityGlobals) = postSolution
		SolutionGuid = {53235C14-F66A-4329-ACA4-47629F9EADBE}
	EndGlobalSection
EndGlobal
