
Microsoft Visual Studio Solution File, Format Version 12.00
# Visual Studio 15
VisualStudioVersion = 15.0.27703.2035
MinimumVisualStudioVersion = 10.0.40219.1
Project("{FAE04EC0-301F-11D3-BF4B-00C04F79EFBC}") = "DesafioEnextAPI", "DesafioEnextAPI\DesafioEnextAPI.csproj", "{BA88F045-D4AF-42DE-9DAD-B1C960E804CD}"
EndProject
Global
	GlobalSection(SolutionConfigurationPlatforms) = preSolution
		Debug|Any CPU = Debug|Any CPU
		Release|Any CPU = Release|Any CPU
	EndGlobalSection
	GlobalSection(ProjectConfigurationPlatforms) = postSolution
		{BA88F045-D4AF-42DE-9DAD-B1C960E804CD}.Debug|Any CPU.ActiveCfg = Debug|Any CPU
		{BA88F045-D4AF-42DE-9DAD-B1C960E804CD}.Debug|Any CPU.Build.0 = Debug|Any CPU
		{BA88F045-D4AF-42DE-9DAD-B1C960E804CD}.Release|Any CPU.ActiveCfg = Release|Any CPU
		{BA88F045-D4AF-42DE-9DAD-B1C960E804CD}.Release|Any CPU.Build.0 = Release|Any CPU
	EndGlobalSection
	GlobalSection(SolutionProperties) = preSolution
		HideSolutionNode = FALSE
	EndGlobalSection
	GlobalSection(ExtensibilityGlobals) = postSolution
		SolutionGuid = {682B552E-3880-45D9-BE9A-1A4187A9C982}
	EndGlobalSection
EndGlobal
